
Microsoft Visual Studio Solution File, Format Version 12.00
# Visual Studio 15
VisualStudioVersion = 15.0.28307.705
MinimumVisualStudioVersion = 10.0.40219.1
Project("{FAE04EC0-301F-11D3-BF4B-00C04F79EFBC}") = "Palindrome", "Palindrome\Palindrome.csproj", "{891A659D-C87E-42AE-A64F-07762A98B944}"
EndProject
Global
	GlobalSection(SolutionConfigurationPlatforms) = preSolution
		Debug|Any CPU = Debug|Any CPU
		Release|Any CPU = Release|Any CPU
	EndGlobalSection
	GlobalSection(ProjectConfigurationPlatforms) = postSolution
		{891A659D-C87E-42AE-A64F-07762A98B944}.Debug|Any CPU.ActiveCfg = Debug|Any CPU
		{891A659D-C87E-42AE-A64F-07762A98B944}.Debug|Any CPU.Build.0 = Debug|Any CPU
		{891A659D-C87E-42AE-A64F-07762A98B944}.Release|Any CPU.ActiveCfg = Release|Any CPU
		{891A659D-C87E-42AE-A64F-07762A98B944}.Release|Any CPU.Build.0 = Release|Any CPU
	EndGlobalSection
	GlobalSection(SolutionProperties) = preSolution
		HideSolutionNode = FALSE
	EndGlobalSection
	GlobalSection(ExtensibilityGlobals) = postSolution
		SolutionGuid = {0ADF9AC3-0B66-43F9-BC95-51A180DA4FFC}
	EndGlobalSection
EndGlobal
